
Microsoft Visual Studio Solution File, Format Version 12.00
# Visual Studio Version 16
VisualStudioVersion = 16.0.31613.86
MinimumVisualStudioVersion = 10.0.40219.1
Project("{9A19103F-16F7-4668-BE54-9A1E7A4F7556}") = "BankingLibrary", "BankingLibrary\BankingLibrary.csproj", "{3DAF732A-7132-4597-BF54-322F91EAACB0}"
EndProject
Project("{FAE04EC0-301F-11D3-BF4B-00C04F79EFBC}") = "BankingLibrary.Tests", "BankingLibrary.Tests\BankingLibrary.Tests.csproj", "{1B3C4E4E-F2D6-49E7-A153-C498410C6AC9}"
EndProject
Global
	GlobalSection(SolutionConfigurationPlatforms) = preSolution
		Debug|Any CPU = Debug|Any CPU
		Release|Any CPU = Release|Any CPU
	EndGlobalSection
	GlobalSection(ProjectConfigurationPlatforms) = postSolution
		{3DAF732A-7132-4597-BF54-322F91EAACB0}.Debug|Any CPU.ActiveCfg = Debug|Any CPU
		{3DAF732A-7132-4597-BF54-322F91EAACB0}.Debug|Any CPU.Build.0 = Debug|Any CPU
		{3DAF732A-7132-4597-BF54-322F91EAACB0}.Release|Any CPU.ActiveCfg = Release|Any CPU
		{3DAF732A-7132-4597-BF54-322F91EAACB0}.Release|Any CPU.Build.0 = Release|Any CPU
		{1B3C4E4E-F2D6-49E7-A153-C498410C6AC9}.Debug|Any CPU.ActiveCfg = Debug|Any CPU
		{1B3C4E4E-F2D6-49E7-A153-C498410C6AC9}.Debug|Any CPU.Build.0 = Debug|Any CPU
		{1B3C4E4E-F2D6-49E7-A153-C498410C6AC9}.Release|Any CPU.ActiveCfg = Release|Any CPU
		{1B3C4E4E-F2D6-49E7-A153-C498410C6AC9}.Release|Any CPU.Build.0 = Release|Any CPU
	EndGlobalSection
	GlobalSection(SolutionProperties) = preSolution
		HideSolutionNode = FALSE
	EndGlobalSection
	GlobalSection(ExtensibilityGlobals) = postSolution
		SolutionGuid = {A06269A9-A724-4B4D-BD7C-B5F796AC5D25}
	EndGlobalSection
EndGlobal
